
Microsoft Visual Studio Solution File, Format Version 12.00
# Visual Studio 15
VisualStudioVersion = 15.0.27004.2005
MinimumVisualStudioVersion = 10.0.40219.1
Project("{9A19103F-16F7-4668-BE54-9A1E7A4F7556}") = "ProductReleaseSystem", "ProductReleaseSystem\ProductReleaseSystem.csproj", "{694972F5-A372-476E-B534-1FBAA18BA944}"
EndProject
Project("{2150E333-8FDC-42A3-9474-1A3956D46DE8}") = "文档", "文档", "{720564ED-8489-4202-BA2D-ED6BBF9C6267}"
EndProject
Project("{2150E333-8FDC-42A3-9474-1A3956D46DE8}") = "ProductReleaseSystemDoc", "ProductReleaseSystemDoc", "{D4DE7327-064D-494B-AE3A-564C2DD4372A}"
	ProjectSection(SolutionItems) = preProject
		..\..\..\..\Desktop\产品发布系统开发文档.docx = ..\..\..\..\Desktop\产品发布系统开发文档.docx
		..\..\..\..\Desktop\产品发布系统脚本.sql = ..\..\..\..\Desktop\产品发布系统脚本.sql
	EndProjectSection
EndProject
Project("{9A19103F-16F7-4668-BE54-9A1E7A4F7556}") = "Working", "Working\Working.csproj", "{9AEF1F6A-4FB3-41CB-B5E3-92FB94E14D3D}"
EndProject
Global
	GlobalSection(SolutionConfigurationPlatforms) = preSolution
		Debug|Any CPU = Debug|Any CPU
		Release|Any CPU = Release|Any CPU
	EndGlobalSection
	GlobalSection(ProjectConfigurationPlatforms) = postSolution
		{694972F5-A372-476E-B534-1FBAA18BA944}.Debug|Any CPU.ActiveCfg = Debug|Any CPU
		{694972F5-A372-476E-B534-1FBAA18BA944}.Debug|Any CPU.Build.0 = Debug|Any CPU
		{694972F5-A372-476E-B534-1FBAA18BA944}.Release|Any CPU.ActiveCfg = Release|Any CPU
		{694972F5-A372-476E-B534-1FBAA18BA944}.Release|Any CPU.Build.0 = Release|Any CPU
		{9AEF1F6A-4FB3-41CB-B5E3-92FB94E14D3D}.Debug|Any CPU.ActiveCfg = Debug|Any CPU
		{9AEF1F6A-4FB3-41CB-B5E3-92FB94E14D3D}.Debug|Any CPU.Build.0 = Debug|Any CPU
		{9AEF1F6A-4FB3-41CB-B5E3-92FB94E14D3D}.Release|Any CPU.ActiveCfg = Release|Any CPU
		{9AEF1F6A-4FB3-41CB-B5E3-92FB94E14D3D}.Release|Any CPU.Build.0 = Release|Any CPU
	EndGlobalSection
	GlobalSection(SolutionProperties) = preSolution
		HideSolutionNode = FALSE
	EndGlobalSection
	GlobalSection(NestedProjects) = preSolution
		{D4DE7327-064D-494B-AE3A-564C2DD4372A} = {720564ED-8489-4202-BA2D-ED6BBF9C6267}
	EndGlobalSection
	GlobalSection(ExtensibilityGlobals) = postSolution
		SolutionGuid = {5D8450EE-4528-4B13-B806-575341E64545}
	EndGlobalSection
EndGlobal
